// !$*UTF8*$!
{
	archiveVersion = 1;
	classes = {
	};
	objectVersion = 48;
	objects = {

/* Begin PBXBuildFile section */
		DACAB122201A04400089E326 /* AppDelegate.swift in Sources */ = {isa = PBXBuildFile; fileRef = DACAB121201A04400089E326 /* AppDelegate.swift */; };
		DACAB124201A04400089E326 /* ViewController.swift in Sources */ = {isa = PBXBuildFile; fileRef = DACAB123201A04400089E326 /* ViewController.swift */; };
		DACAB127201A04400089E326 /* Main.storyboard in Resources */ = {isa = PBXBuildFile; fileRef = DACAB125201A04400089E326 /* Main.storyboard */; };
		DACAB12A201A04400089E326 /* QRcode_L1.xcdatamodeld in Sources */ = {isa = PBXBuildFile; fileRef = DACAB128201A04400089E326 /* QRcode_L1.xcdatamodeld */; };
		DACAB12C201A04400089E326 /* Assets.xcassets in Resources */ = {isa = PBXBuildFile; fileRef = DACAB12B201A04400089E326 /* Assets.xcassets */; };
		DACAB12F201A04400089E326 /* LaunchScreen.storyboard in Resources */ = {isa = PBXBuildFile; fileRef = DACAB12D201A04400089E326 /* LaunchScreen.storyboard */; };
		DACAB13A201A04410089E326 /* QRcode_L1Tests.swift in Sources */ = {isa = PBXBuildFile; fileRef = DACAB139201A04410089E326 /* QRcode_L1Tests.swift */; };
		DACAB145201A04410089E326 /* QRcode_L1UITests.swift in Sources */ = {isa = PBXBuildFile; fileRef = DACAB144201A04410089E326 /* QRcode_L1UITests.swift */; };
/* End PBXBuildFile section */

/* Begin PBXContainerItemProxy section */
		DACAB136201A04410089E326 /* PBXContainerItemProxy */ = {
			isa = PBXContainerItemProxy;
			containerPortal = DACAB116201A04400089E326 /* Project object */;
			proxyType = 1;
			remoteGlobalIDString = DACAB11D201A04400089E326;
			remoteInfo = QRcode_L1;
		};
		DACAB141201A04410089E326 /* PBXContainerItemProxy */ = {
			isa = PBXContainerItemProxy;
			containerPortal = DACAB116201A04400089E326 /* Project object */;
			proxyType = 1;
			remoteGlobalIDString = DACAB11D201A04400089E326;
			remoteInfo = QRcode_L1;
		};
/* End PBXContainerItemProxy section */

/* Begin PBXFileReference section */
		DACAB11E201A04400089E326 /* QRcode_L1.app */ = {isa = PBXFileReference; explicitFileType = wrapper.application; includeInIndex = 0; path = QRcode_L1.app; sourceTree = BUILT_PRODUCTS_DIR; };
		DACAB121201A04400089E326 /* AppDelegate.swift */ = {isa = PBXFileReference; lastKnownFileType = sourcecode.swift; path = AppDelegate.swift; sourceTree = "<group>"; };
		DACAB123201A04400089E326 /* ViewController.swift */ = {isa = PBXFileReference; lastKnownFileType = sourcecode.swift; path = ViewController.swift; sourceTree = "<group>"; };
		DACAB126201A04400089E326 /* Base */ = {isa = PBXFileReference; lastKnownFileType = file.storyboard; name = Base; path = Base.lproj/Main.storyboard; sourceTree = "<group>"; };
		DACAB129201A04400089E326 /* QRcode_L1.xcdatamodel */ = {isa = PBXFileReference; lastKnownFileType = wrapper.xcdatamodel; path = QRcode_L1.xcdatamodel; sourceTree = "<group>"; };
		DACAB12B201A04400089E326 /* Assets.xcassets */ = {isa = PBXFileReference; lastKnownFileType = folder.assetcatalog; path = Assets.xcassets; sourceTree = "<group>"; };
		DACAB12E201A04400089E326 /* Base */ = {isa = PBXFileReference; lastKnownFileType = file.storyboard; name = Base; path = Base.lproj/LaunchScreen.storyboard; sourceTree = "<group>"; };
		DACAB130201A04400089E326 /* Info.plist */ = {isa = PBXFileReference; lastKnownFileType = text.plist.xml; path = Info.plist; sourceTree = "<group>"; };
		DACAB135201A04410089E326 /* QRcode_L1Tests.xctest */ = {isa = PBXFileReference; explicitFileType = wrapper.cfbundle; includeInIndex = 0; path = QRcode_L1Tests.xctest; sourceTree = BUILT_PRODUCTS_DIR; };
		DACAB139201A04410089E326 /* QRcode_L1Tests.swift */ = {isa = PBXFileReference; lastKnownFileType = sourcecode.swift; path = QRcode_L1Tests.swift; sourceTree = "<group>"; };
		DACAB13B201A04410089E326 /* Info.plist */ = {isa = PBXFileReference; lastKnownFileType = text.plist.xml; path = Info.plist; sourceTree = "<group>"; };
		DACAB140201A04410089E326 /* QRcode_L1UITests.xctest */ = {isa = PBXFileReference; explicitFileType = wrapper.cfbundle; includeInIndex = 0; path = QRcode_L1UITests.xctest; sourceTree = BUILT_PRODUCTS_DIR; };
		DACAB144201A04410089E326 /* QRcode_L1UITests.swift */ = {isa = PBXFileReference; lastKnownFileType = sourcecode.swift; path = QRcode_L1UITests.swift; sourceTree = "<group>"; };
		DACAB146201A04410089E326 /* Info.plist */ = {isa = PBXFileReference; lastKnownFileType = text.plist.xml; path = Info.plist; sourceTree = "<group>"; };
/* End PBXFileReference section */

/* Begin PBXFrameworksBuildPhase section */
		DACAB11B201A04400089E326 /* Frameworks */ = {
			isa = PBXFrameworksBuildPhase;
			buildActionMask = 2147483647;
			files = (
			);
			runOnlyForDeploymentPostprocessing = 0;
		};
		DACAB132201A04410089E326 /* Frameworks */ = {
			isa = PBXFrameworksBuildPhase;
			buildActionMask = 2147483647;
			files = (
			);
			runOnlyForDeploymentPostprocessing = 0;
		};
		DACAB13D201A04410089E326 /* Frameworks */ = {
			isa = PBXFrameworksBuildPhase;
			buildActionMask = 2147483647;
			files = (
			);
			runOnlyForDeploymentPostprocessing = 0;
		};
/* End PBXFrameworksBuildPhase section */

/* Begin PBXGroup section */
		DACAB115201A04400089E326 = {
			isa = PBXGroup;
			children = (
				DACAB120201A04400089E326 /* QRcode_L1 */,
				DACAB138201A04410089E326 /* QRcode_L1Tests */,
				DACAB143201A04410089E326 /* QRcode_L1UITests */,
				DACAB11F201A04400089E326 /* Products */,
			);
			sourceTree = "<group>";
		};
		DACAB11F201A04400089E326 /* Products */ = {
			isa = PBXGroup;
			children = (
				DACAB11E201A04400089E326 /* QRcode_L1.app */,
				DACAB135201A04410089E326 /* QRcode_L1Tests.xctest */,
				DACAB140201A04410089E326 /* QRcode_L1UITests.xctest */,
			);
			name = Products;
			sourceTree = "<group>";
		};
		DACAB120201A04400089E326 /* QRcode_L1 */ = {
			isa = PBXGroup;
			children = (
				DACAB121201A04400089E326 /* AppDelegate.swift */,
				DACAB123201A04400089E326 /* ViewController.swift */,
				DACAB125201A04400089E326 /* Main.storyboard */,
				DACAB12B201A04400089E326 /* Assets.xcassets */,
				DACAB12D201A04400089E326 /* LaunchScreen.storyboard */,
				DACAB130201A04400089E326 /* Info.plist */,
				DACAB128201A04400089E326 /* QRcode_L1.xcdatamodeld */,
			);
			path = QRcode_L1;
			sourceTree = "<group>";
		};
		DACAB138201A04410089E326 /* QRcode_L1Tests */ = {
			isa = PBXGroup;
			children = (
				DACAB139201A04410089E326 /* QRcode_L1Tests.swift */,
				DACAB13B201A04410089E326 /* Info.plist */,
			);
			path = QRcode_L1Tests;
			sourceTree = "<group>";
		};
		DACAB143201A04410089E326 /* QRcode_L1UITests */ = {
			isa = PBXGroup;
			children = (
				DACAB144201A04410089E326 /* QRcode_L1UITests.swift */,
				DACAB146201A04410089E326 /* Info.plist */,
			);
			path = QRcode_L1UITests;
			sourceTree = "<group>";
		};
/* End PBXGroup section */

/* Begin PBXNativeTarget section */
		DACAB11D201A04400089E326 /* QRcode_L1 */ = {
			isa = PBXNativeTarget;
			buildConfigurationList = DACAB149201A04410089E326 /* Build configuration list for PBXNativeTarget "QRcode_L1" */;
			buildPhases = (
				DACAB11A201A04400089E326 /* Sources */,
				DACAB11B201A04400089E326 /* Frameworks */,
				DACAB11C201A04400089E326 /* Resources */,
			);
			buildRules = (
			);
			dependencies = (
			);
			name = QRcode_L1;
			productName = QRcode_L1;
			productReference = DACAB11E201A04400089E326 /* QRcode_L1.app */;
			productType = "com.apple.product-type.application";
		};
		DACAB134201A04410089E326 /* QRcode_L1Tests */ = {
			isa = PBXNativeTarget;
			buildConfigurationList = DACAB14C201A04410089E326 /* Build configuration list for PBXNativeTarget "QRcode_L1Tests" */;
			buildPhases = (
				DACAB131201A04410089E326 /* Sources */,
				DACAB132201A04410089E326 /* Frameworks */,
				DACAB133201A04410089E326 /* Resources */,
			);
			buildRules = (
			);
			dependencies = (
				DACAB137201A04410089E326 /* PBXTargetDependency */,
			);
			name = QRcode_L1Tests;
			productName = QRcode_L1Tests;
			productReference = DACAB135201A04410089E326 /* QRcode_L1Tests.xctest */;
			productType = "com.apple.product-type.bundle.unit-test";
		};
		DACAB13F201A04410089E326 /* QRcode_L1UITests */ = {
			isa = PBXNativeTarget;
			buildConfigurationList = DACAB14F201A04410089E326 /* Build configuration list for PBXNativeTarget "QRcode_L1UITests" */;
			buildPhases = (
				DACAB13C201A04410089E326 /* Sources */,
				DACAB13D201A04410089E326 /* Frameworks */,
				DACAB13E201A04410089E326 /* Resources */,
			);
			buildRules = (
			);
			dependencies = (
				DACAB142201A04410089E326 /* PBXTargetDependency */,
			);
			name = QRcode_L1UITests;
			productName = QRcode_L1UITests;
			productReference = DACAB140201A04410089E326 /* QRcode_L1UITests.xctest */;
			productType = "com.apple.product-type.bundle.ui-testing";
		};
/* End PBXNativeTarget section */

/* Begin PBXProject section */
		DACAB116201A04400089E326 /* Project object */ = {
			isa = PBXProject;
			attributes = {
				LastSwiftUpdateCheck = 0920;
				LastUpgradeCheck = 0920;
				ORGANIZATIONNAME = HankTseng;
				TargetAttributes = {
					DACAB11D201A04400089E326 = {
						CreatedOnToolsVersion = 9.2;
						ProvisioningStyle = Automatic;
					};
					DACAB134201A04410089E326 = {
						CreatedOnToolsVersion = 9.2;
						ProvisioningStyle = Automatic;
						TestTargetID = DACAB11D201A04400089E326;
					};
					DACAB13F201A04410089E326 = {
						CreatedOnToolsVersion = 9.2;
						ProvisioningStyle = Automatic;
						TestTargetID = DACAB11D201A04400089E326;
					};
				};
			};
			buildConfigurationList = DACAB119201A04400089E326 /* Build configuration list for PBXProject "QRcode_L1" */;
			compatibilityVersion = "Xcode 8.0";
			developmentRegion = en;
			hasScannedForEncodings = 0;
			knownRegions = (
				en,
				Base,
			);
			mainGroup = DACAB115201A04400089E326;
			productRefGroup = DACAB11F201A04400089E326 /* Products */;
			projectDirPath = "";
			projectRoot = "";
			targets = (
				DACAB11D201A04400089E326 /* QRcode_L1 */,
				DACAB134201A04410089E326 /* QRcode_L1Tests */,
				DACAB13F201A04410089E326 /* QRcode_L1UITests */,
			);
		};
/* End PBXProject section */

/* Begin PBXResourcesBuildPhase section */
		DACAB11C201A04400089E326 /* Resources */ = {
			isa = PBXResourcesBuildPhase;
			buildActionMask = 2147483647;
			files = (
				DACAB12F201A04400089E326 /* LaunchScreen.storyboard in Resources */,
				DACAB12C201A04400089E326 /* Assets.xcassets in Resources */,
				DACAB127201A04400089E326 /* Main.storyboard in Resources */,
			);
			runOnlyForDeploymentPostprocessing = 0;
		};
		DACAB133201A04410089E326 /* Resources */ = {
			isa = PBXResourcesBuildPhase;
			buildActionMask = 2147483647;
			files = (
			);
			runOnlyForDeploymentPostprocessing = 0;
		};
		DACAB13E201A04410089E326 /* Resources */ = {
			isa = PBXResourcesBuildPhase;
			buildActionMask = 2147483647;
			files = (
			);
			runOnlyForDeploymentPostprocessing = 0;
		};
/* End PBXResourcesBuildPhase section */

/* Begin PBXSourcesBuildPhase section */
		DACAB11A201A04400089E326 /* Sources */ = {
			isa = PBXSourcesBuildPhase;
			buildActionMask = 2147483647;
			files = (
				DACAB12A201A04400089E326 /* QRcode_L1.xcdatamodeld in Sources */,
				DACAB124201A04400089E326 /* ViewController.swift in Sources */,
				DACAB122201A04400089E326 /* AppDelegate.swift in Sources */,
			);
			runOnlyForDeploymentPostprocessing = 0;
		};
		DACAB131201A04410089E326 /* Sources */ = {
			isa = PBXSourcesBuildPhase;
			buildActionMask = 2147483647;
			files = (
				DACAB13A201A04410089E326 /* QRcode_L1Tests.swift in Sources */,
			);
			runOnlyForDeploymentPostprocessing = 0;
		};
		DACAB13C201A04410089E326 /* Sources */ = {
			isa = PBXSourcesBuildPhase;
			buildActionMask = 2147483647;
			files = (
				DACAB145201A04410089E326 /* QRcode_L1UITests.swift in Sources */,
			);
			runOnlyForDeploymentPostprocessing = 0;
		};
/* End PBXSourcesBuildPhase section */

/* Begin PBXTargetDependency section */
		DACAB137201A04410089E326 /* PBXTargetDependency */ = {
			isa = PBXTargetDependency;
			target = DACAB11D201A04400089E326 /* QRcode_L1 */;
			targetProxy = DACAB136201A04410089E326 /* PBXContainerItemProxy */;
		};
		DACAB142201A04410089E326 /* PBXTargetDependency */ = {
			isa = PBXTargetDependency;
			target = DACAB11D201A04400089E326 /* QRcode_L1 */;
			targetProxy = DACAB141201A04410089E326 /* PBXContainerItemProxy */;
		};
/* End PBXTargetDependency section */

/* Begin PBXVariantGroup section */
		DACAB125201A04400089E326 /* Main.storyboard */ = {
			isa = PBXVariantGroup;
			children = (
				DACAB126201A04400089E326 /* Base */,
			);
			name = Main.storyboard;
			sourceTree = "<group>";
		};
		DACAB12D201A04400089E326 /* LaunchScreen.storyboard */ = {
			isa = PBXVariantGroup;
			children = (
				DACAB12E201A04400089E326 /* Base */,
			);
			name = LaunchScreen.storyboard;
			sourceTree = "<group>";
		};
/* End PBXVariantGroup section */

/* Begin XCBuildConfiguration section */
		DACAB147201A04410089E326 /* Debug */ = {
			isa = XCBuildConfiguration;
			buildSettings = {
				ALWAYS_SEARCH_USER_PATHS = NO;
				CLANG_ANALYZER_NONNULL = YES;
				CLANG_ANALYZER_NUMBER_OBJECT_CONVERSION = YES_AGGRESSIVE;
				CLANG_CXX_LANGUAGE_STANDARD = "gnu++14";
				CLANG_CXX_LIBRARY = "libc++";
				CLANG_ENABLE_MODULES = YES;
				CLANG_ENABLE_OBJC_ARC = YES;
				CLANG_WARN_BLOCK_CAPTURE_AUTORELEASING = YES;
				CLANG_WARN_BOOL_CONVERSION = YES;
				CLANG_WARN_COMMA = YES;
				CLANG_WARN_CONSTANT_CONVERSION = YES;
				CLANG_WARN_DIRECT_OBJC_ISA_USAGE = YES_ERROR;
				CLANG_WARN_DOCUMENTATION_COMMENTS = YES;
				CLANG_WARN_EMPTY_BODY = YES;
				CLANG_WARN_ENUM_CONVERSION = YES;
				CLANG_WARN_INFINITE_RECURSION = YES;
				CLANG_WARN_INT_CONVERSION = YES;
				CLANG_WARN_NON_LITERAL_NULL_CONVERSION = YES;
				CLANG_WARN_OBJC_LITERAL_CONVERSION = YES;
				CLANG_WARN_OBJC_ROOT_CLASS = YES_ERROR;
				CLANG_WARN_RANGE_LOOP_ANALYSIS = YES;
				CLANG_WARN_STRICT_PROTOTYPES = YES;
				CLANG_WARN_SUSPICIOUS_MOVE = YES;
				CLANG_WARN_UNGUARDED_AVAILABILITY = YES_AGGRESSIVE;
				CLANG_WARN_UNREACHABLE_CODE = YES;
				CLANG_WARN__DUPLICATE_METHOD_MATCH = YES;
				CODE_SIGN_IDENTITY = "iPhone Developer";
				COPY_PHASE_STRIP = NO;
				DEBUG_INFORMATION_FORMAT = dwarf;
				ENABLE_STRICT_OBJC_MSGSEND = YES;
				ENABLE_TESTABILITY = YES;
				GCC_C_LANGUAGE_STANDARD = gnu11;
				GCC_DYNAMIC_NO_PIC = NO;
				GCC_NO_COMMON_BLOCKS = YES;
				GCC_OPTIMIZATION_LEVEL = 0;
				GCC_PREPROCESSOR_DEFINITIONS = (
					"DEBUG=1",
					"$(inherited)",
				);
				GCC_WARN_64_TO_32_BIT_CONVERSION = YES;
				GCC_WARN_ABOUT_RETURN_TYPE = YES_ERROR;
				GCC_WARN_UNDECLARED_SELECTOR = YES;
				GCC_WARN_UNINITIALIZED_AUTOS = YES_AGGRESSIVE;
				GCC_WARN_UNUSED_FUNCTION = YES;
				GCC_WARN_UNUSED_VARIABLE = YES;
				IPHONEOS_DEPLOYMENT_TARGET = 11.2;
				MTL_ENABLE_DEBUG_INFO = YES;
				ONLY_ACTIVE_ARCH = YES;
				SDKROOT = iphoneos;
				SWIFT_ACTIVE_COMPILATION_CONDITIONS = DEBUG;
				SWIFT_OPTIMIZATION_LEVEL = "-Onone";
			};
			name = Debug;
		};
		DACAB148201A04410089E326 /* Release */ = {
			isa = XCBuildConfiguration;
			buildSettings = {
				ALWAYS_SEARCH_USER_PATHS = NO;
				CLANG_ANALYZER_NONNULL = YES;
				CLANG_ANALYZER_NUMBER_OBJECT_CONVERSION = YES_AGGRESSIVE;
				CLANG_CXX_LANGUAGE_STANDARD = "gnu++14";
				CLANG_CXX_LIBRARY = "libc++";
				CLANG_ENABLE_MODULES = YES;
				CLANG_ENABLE_OBJC_ARC = YES;
				CLANG_WARN_BLOCK_CAPTURE_AUTORELEASING = YES;
				CLANG_WARN_BOOL_CONVERSION = YES;
				CLANG_WARN_COMMA = YES;
				CLANG_WARN_CONSTANT_CONVERSION = YES;
				CLANG_WARN_DIRECT_OBJC_ISA_USAGE = YES_ERROR;
				CLANG_WARN_DOCUMENTATION_COMMENTS = YES;
				CLANG_WARN_EMPTY_BODY = YES;
				CLANG_WARN_ENUM_CONVERSION = YES;
				CLANG_WARN_INFINITE_RECURSION = YES;
				CLANG_WARN_INT_CONVERSION = YES;
				CLANG_WARN_NON_LITERAL_NULL_CONVERSION = YES;
				CLANG_WARN_OBJC_LITERAL_CONVERSION = YES;
				CLANG_WARN_OBJC_ROOT_CLASS = YES_ERROR;
				CLANG_WARN_RANGE_LOOP_ANALYSIS = YES;
				CLANG_WARN_STRICT_PROTOTYPES = YES;
				CLANG_WARN_SUSPICIOUS_MOVE = YES;
				CLANG_WARN_UNGUARDED_AVAILABILITY = YES_AGGRESSIVE;
				CLANG_WARN_UNREACHABLE_CODE = YES;
				CLANG_WARN__DUPLICATE_METHOD_MATCH = YES;
				CODE_SIGN_IDENTITY = "iPhone Developer";
				COPY_PHASE_STRIP = NO;
				DEBUG_INFORMATION_FORMAT = "dwarf-with-dsym";
				ENABLE_NS_ASSERTIONS = NO;
				ENABLE_STRICT_OBJC_MSGSEND = YES;
				GCC_C_LANGUAGE_STANDARD = gnu11;
				GCC_NO_COMMON_BLOCKS = YES;
				GCC_WARN_64_TO_32_BIT_CONVERSION = YES;
				GCC_WARN_ABOUT_RETURN_TYPE = YES_ERROR;
				GCC_WARN_UNDECLARED_SELECTOR = YES;
				GCC_WARN_UNINITIALIZED_AUTOS = YES_AGGRESSIVE;
				GCC_WARN_UNUSED_FUNCTION = YES;
				GCC_WARN_UNUSED_VARIABLE = YES;
				IPHONEOS_DEPLOYMENT_TARGET = 11.2;
				MTL_ENABLE_DEBUG_INFO = NO;
				SDKROOT = iphoneos;
				SWIFT_OPTIMIZATION_LEVEL = "-Owholemodule";
				VALIDATE_PRODUCT = YES;
			};
			name = Release;
		};
		DACAB14A201A04410089E326 /* Debug */ = {
			isa = XCBuildConfiguration;
			buildSettings = {
				ASSETCATALOG_COMPILER_APPICON_NAME = AppIcon;
				CODE_SIGN_STYLE = Automatic;
				DEVELOPMENT_TEAM = KU48Y2UB6V;
				INFOPLIST_FILE = QRcode_L1/Info.plist;
				LD_RUNPATH_SEARCH_PATHS = "$(inherited) @executable_path/Frameworks";
				PRODUCT_BUNDLE_IDENTIFIER = "com.fareastone.vms.employee.QRcode-L1";
				PRODUCT_NAME = "$(TARGET_NAME)";
				SWIFT_VERSION = 4.0;
				TARGETED_DEVICE_FAMILY = "1,2";
			};
			name = Debug;
		};
		DACAB14B201A04410089E326 /* Release */ = {
			isa = XCBuildConfiguration;
			buildSettings = {
				ASSETCATALOG_COMPILER_APPICON_NAME = AppIcon;
				CODE_SIGN_STYLE = Automatic;
				DEVELOPMENT_TEAM = KU48Y2UB6V;
				INFOPLIST_FILE = QRcode_L1/Info.plist;
				LD_RUNPATH_SEARCH_PATHS = "$(inherited) @executable_path/Frameworks";
				PRODUCT_BUNDLE_IDENTIFIER = "com.fareastone.vms.employee.QRcode-L1";
				PRODUCT_NAME = "$(TARGET_NAME)";
				SWIFT_VERSION = 4.0;
				TARGETED_DEVICE_FAMILY = "1,2";
			};
			name = Release;
		};
		DACAB14D201A04410089E326 /* Debug */ = {
			isa = XCBuildConfiguration;
			buildSettings = {
				ALWAYS_EMBED_SWIFT_STANDARD_LIBRARIES = YES;
				BUNDLE_LOADER = "$(TEST_HOST)";
				CODE_SIGN_STYLE = Automatic;
				DEVELOPMENT_TEAM = KU48Y2UB6V;
				INFOPLIST_FILE = QRcode_L1Tests/Info.plist;
				LD_RUNPATH_SEARCH_PATHS = "$(inherited) @executable_path/Frameworks @loader_path/Frameworks";
				PRODUCT_BUNDLE_IDENTIFIER = "com.fareastone.vms.employee.QRcode-L1Tests";
				PRODUCT_NAME = "$(TARGET_NAME)";
				SWIFT_VERSION = 4.0;
				TARGETED_DEVICE_FAMILY = "1,2";
				TEST_HOST = "$(BUILT_PRODUCTS_DIR)/QRcode_L1.app/QRcode_L1";
			};
			name = Debug;
		};
		DACAB14E201A04410089E326 /* Release */ = {
			isa = XCBuildConfiguration;
			buildSettings = {
				ALWAYS_EMBED_SWIFT_STANDARD_LIBRARIES = YES;
				BUNDLE_LOADER = "$(TEST_HOST)";
				CODE_SIGN_STYLE = Automatic;
				DEVELOPMENT_TEAM = KU48Y2UB6V;
				INFOPLIST_FILE = QRcode_L1Tests/Info.plist;
				LD_RUNPATH_SEARCH_PATHS = "$(inherited) @executable_path/Frameworks @loader_path/Frameworks";
				PRODUCT_BUNDLE_IDENTIFIER = "com.fareastone.vms.employee.QRcode-L1Tests";
				PRODUCT_NAME = "$(TARGET_NAME)";
				SWIFT_VERSION = 4.0;
				TARGETED_DEVICE_FAMILY = "1,2";
				TEST_HOST = "$(BUILT_PRODUCTS_DIR)/QRcode_L1.app/QRcode_L1";
			};
			name = Release;
		};
		DACAB150201A04410089E326 /* Debug */ = {
			isa = XCBuildConfiguration;
			buildSettings = {
				ALWAYS_EMBED_SWIFT_STANDARD_LIBRARIES = YES;
				CODE_SIGN_STYLE = Automatic;
				DEVELOPMENT_TEAM = KU48Y2UB6V;
				INFOPLIST_FILE = QRcode_L1UITests/Info.plist;
				LD_RUNPATH_SEARCH_PATHS = "$(inherited) @executable_path/Frameworks @loader_path/Frameworks";
				PRODUCT_BUNDLE_IDENTIFIER = "com.fareastone.vms.employee.QRcode-L1UITests";
				PRODUCT_NAME = "$(TARGET_NAME)";
				SWIFT_VERSION = 4.0;
				TARGETED_DEVICE_FAMILY = "1,2";
				TEST_TARGET_NAME = QRcode_L1;
			};
			name = Debug;
		};
		DACAB151201A04410089E326 /* Release */ = {
			isa = XCBuildConfiguration;
			buildSettings = {
				ALWAYS_EMBED_SWIFT_STANDARD_LIBRARIES = YES;
				CODE_SIGN_STYLE = Automatic;
				DEVELOPMENT_TEAM = KU48Y2UB6V;
				INFOPLIST_FILE = QRcode_L1UITests/Info.plist;
				LD_RUNPATH_SEARCH_PATHS = "$(inherited) @executable_path/Frameworks @loader_path/Frameworks";
				PRODUCT_BUNDLE_IDENTIFIER = "com.fareastone.vms.employee.QRcode-L1UITests";
				PRODUCT_NAME = "$(TARGET_NAME)";
				SWIFT_VERSION = 4.0;
				TARGETED_DEVICE_FAMILY = "1,2";
				TEST_TARGET_NAME = QRcode_L1;
			};
			name = Release;
		};
/* End XCBuildConfiguration section */

/* Begin XCConfigurationList section */
		DACAB119201A04400089E326 /* Build configuration list for PBXProject "QRcode_L1" */ = {
			isa = XCConfigurationList;
			buildConfigurations = (
				DACAB147201A04410089E326 /* Debug */,
				DACAB148201A04410089E326 /* Release */,
			);
			defaultConfigurationIsVisible = 0;
			defaultConfigurationName = Release;
		};
		DACAB149201A04410089E326 /* Build configuration list for PBXNativeTarget "QRcode_L1" */ = {
			isa = XCConfigurationList;
			buildConfigurations = (
				DACAB14A201A04410089E326 /* Debug */,
				DACAB14B201A04410089E326 /* Release */,
			);
			defaultConfigurationIsVisible = 0;
			defaultConfigurationName = Release;
		};
		DACAB14C201A04410089E326 /* Build configuration list for PBXNativeTarget "QRcode_L1Tests" */ = {
			isa = XCConfigurationList;
			buildConfigurations = (
				DACAB14D201A04410089E326 /* Debug */,
				DACAB14E201A04410089E326 /* Release */,
			);
			defaultConfigurationIsVisible = 0;
			defaultConfigurationName = Release;
		};
		DACAB14F201A04410089E326 /* Build configuration list for PBXNativeTarget "QRcode_L1UITests" */ = {
			isa = XCConfigurationList;
			buildConfigurations = (
				DACAB150201A04410089E326 /* Debug */,
				DACAB151201A04410089E326 /* Release */,
			);
			defaultConfigurationIsVisible = 0;
			defaultConfigurationName = Release;
		};
/* End XCConfigurationList section */

/* Begin XCVersionGroup section */
		DACAB128201A04400089E326 /* QRcode_L1.xcdatamodeld */ = {
			isa = XCVersionGroup;
			children = (
				DACAB129201A04400089E326 /* QRcode_L1.xcdatamodel */,
			);
			currentVersion = DACAB129201A04400089E326 /* QRcode_L1.xcdatamodel */;
			path = QRcode_L1.xcdatamodeld;
			sourceTree = "<group>";
			versionGroupType = wrapper.xcdatamodel;
		};
/* End XCVersionGroup section */
	};
	rootObject = DACAB116201A04400089E326 /* Project object */;
}
